{
  "lockfileVersion": 1,
  "configVersion": 1,
  "workspaces": {
    "": {
      "name": "suzuki-sensei-line-bot",
      "dependencies": {
        "@google/generative-ai": "^0.24.1",
        "groq-sdk": "^1.1.2",
        "node-cron": "^4.2.1",
      },
      "devDependencies": {
        "@types/node-cron": "^3.0.11",
      },
    },
  },
  "packages": {
    "@google/generative-ai": ["@google/generative-ai@0.24.1", "", {}, "sha512-MqO+MLfM6kjxcKoy0p1wRzG3b4ZZXtPI+z2IE26UogS2Cm/XHO+7gGRBh6gcJsOiIVoH93UwKvW4HdgiOZCy9Q=="],

    "@types/node-cron": ["@types/node-cron@3.0.11", "", {}, "sha512-0ikrnug3/IyneSHqCBeslAhlK2aBfYek1fGo4bP4QnZPmiqSGRK+Oy7ZMisLWkesffJvQ1cqAcBnJC+8+nxIAg=="],

    "groq-sdk": ["groq-sdk@1.1.2", "", { "bin": { "groq-sdk": "bin/cli" } }, "sha512-CZO0XUQQDhn43ri1+lZHxZKpb+bGutgTvFmCJtooexiitGmPqhm1hntOT3nCoaq07e+OpeokVnfUs0i/oQuUaQ=="],

    "node-cron": ["node-cron@4.2.1", "", {}, "sha512-lgimEHPE/QDgFlywTd8yTR61ptugX3Qer29efeyWw2rv259HtGBNn1vZVmp8lB9uo9wC0t/AT4iGqXxia+CJFg=="],
  }
}
